
Microsoft Visual Studio Solution File, Format Version 12.00
# Visual Studio Version 16
VisualStudioVersion = 16.0.30804.86
MinimumVisualStudioVersion = 10.0.40219.1
Project("{FAE04EC0-301F-11D3-BF4B-00C04F79EFBC}") = "DynamicUserControl", "DynamicUserControl.csproj", "{80795219-3A87-4CA2-A55C-90646B49DB15}"
EndProject
Global
	GlobalSection(SolutionConfigurationPlatforms) = preSolution
		Debug|Any CPU = Debug|Any CPU
		Release|Any CPU = Release|Any CPU
	EndGlobalSection
	GlobalSection(ProjectConfigurationPlatforms) = postSolution
		{80795219-3A87-4CA2-A55C-90646B49DB15}.Debug|Any CPU.ActiveCfg = Debug|Any CPU
		{80795219-3A87-4CA2-A55C-90646B49DB15}.Debug|Any CPU.Build.0 = Debug|Any CPU
		{80795219-3A87-4CA2-A55C-90646B49DB15}.Release|Any CPU.ActiveCfg = Release|Any CPU
		{80795219-3A87-4CA2-A55C-90646B49DB15}.Release|Any CPU.Build.0 = Release|Any CPU
	EndGlobalSection
	GlobalSection(SolutionProperties) = preSolution
		HideSolutionNode = FALSE
	EndGlobalSection
	GlobalSection(ExtensibilityGlobals) = postSolution
		SolutionGuid = {C04627B9-16D8-4725-8C22-A0CAA62404E9}
	EndGlobalSection
EndGlobal
